
Microsoft Visual Studio Solution File, Format Version 12.00
# Visual Studio Version 16
VisualStudioVersion = 16.0.30907.101
MinimumVisualStudioVersion = 10.0.40219.1
Project("{FAE04EC0-301F-11D3-BF4B-00C04F79EFBC}") = "enum_basics", "enum_basics\enum_basics.csproj", "{5F8B3B64-E450-4B92-8BD6-71A0B8FD929A}"
EndProject
Global
	GlobalSection(SolutionConfigurationPlatforms) = preSolution
		Debug|Any CPU = Debug|Any CPU
		Release|Any CPU = Release|Any CPU
	EndGlobalSection
	GlobalSection(ProjectConfigurationPlatforms) = postSolution
		{5F8B3B64-E450-4B92-8BD6-71A0B8FD929A}.Debug|Any CPU.ActiveCfg = Debug|Any CPU
		{5F8B3B64-E450-4B92-8BD6-71A0B8FD929A}.Debug|Any CPU.Build.0 = Debug|Any CPU
		{5F8B3B64-E450-4B92-8BD6-71A0B8FD929A}.Release|Any CPU.ActiveCfg = Release|Any CPU
		{5F8B3B64-E450-4B92-8BD6-71A0B8FD929A}.Release|Any CPU.Build.0 = Release|Any CPU
	EndGlobalSection
	GlobalSection(SolutionProperties) = preSolution
		HideSolutionNode = FALSE
	EndGlobalSection
	GlobalSection(ExtensibilityGlobals) = postSolution
		SolutionGuid = {1964F9E6-44D4-4CD4-828B-FDCEFA0396BB}
	EndGlobalSection
EndGlobal
