
Microsoft Visual Studio Solution File, Format Version 12.00
# Visual Studio Version 16
VisualStudioVersion = 16.0.30907.101
MinimumVisualStudioVersion = 10.0.40219.1
Project("{FAE04EC0-301F-11D3-BF4B-00C04F79EFBC}") = "Income_Comparison", "Income_Comparison\Income_Comparison.csproj", "{30BCA0BB-72DA-431A-8574-B03E359BADF6}"
EndProject
Global
	GlobalSection(SolutionConfigurationPlatforms) = preSolution
		Debug|Any CPU = Debug|Any CPU
		Release|Any CPU = Release|Any CPU
	EndGlobalSection
	GlobalSection(ProjectConfigurationPlatforms) = postSolution
		{30BCA0BB-72DA-431A-8574-B03E359BADF6}.Debug|Any CPU.ActiveCfg = Debug|Any CPU
		{30BCA0BB-72DA-431A-8574-B03E359BADF6}.Debug|Any CPU.Build.0 = Debug|Any CPU
		{30BCA0BB-72DA-431A-8574-B03E359BADF6}.Release|Any CPU.ActiveCfg = Release|Any CPU
		{30BCA0BB-72DA-431A-8574-B03E359BADF6}.Release|Any CPU.Build.0 = Release|Any CPU
	EndGlobalSection
	GlobalSection(SolutionProperties) = preSolution
		HideSolutionNode = FALSE
	EndGlobalSection
	GlobalSection(ExtensibilityGlobals) = postSolution
		SolutionGuid = {B4DB4330-DE18-46BE-A601-7C99C395142F}
	EndGlobalSection
EndGlobal
