
Microsoft Visual Studio Solution File, Format Version 12.00
# Visual Studio Version 16
VisualStudioVersion = 16.0.30907.101
MinimumVisualStudioVersion = 10.0.40219.1
Project("{FAE04EC0-301F-11D3-BF4B-00C04F79EFBC}") = "basic_class_app2", "basic_class_app2\basic_class_app2.csproj", "{1722B83B-56DC-44BF-AA32-FD859D7F7CAB}"
EndProject
Global
	GlobalSection(SolutionConfigurationPlatforms) = preSolution
		Debug|Any CPU = Debug|Any CPU
		Release|Any CPU = Release|Any CPU
	EndGlobalSection
	GlobalSection(ProjectConfigurationPlatforms) = postSolution
		{1722B83B-56DC-44BF-AA32-FD859D7F7CAB}.Debug|Any CPU.ActiveCfg = Debug|Any CPU
		{1722B83B-56DC-44BF-AA32-FD859D7F7CAB}.Debug|Any CPU.Build.0 = Debug|Any CPU
		{1722B83B-56DC-44BF-AA32-FD859D7F7CAB}.Release|Any CPU.ActiveCfg = Release|Any CPU
		{1722B83B-56DC-44BF-AA32-FD859D7F7CAB}.Release|Any CPU.Build.0 = Release|Any CPU
	EndGlobalSection
	GlobalSection(SolutionProperties) = preSolution
		HideSolutionNode = FALSE
	EndGlobalSection
	GlobalSection(ExtensibilityGlobals) = postSolution
		SolutionGuid = {22CC1C9C-69DC-4BCB-A80C-E54A10C5A110}
	EndGlobalSection
EndGlobal
