
Microsoft Visual Studio Solution File, Format Version 12.00
# Visual Studio Version 16
VisualStudioVersion = 16.0.30907.101
MinimumVisualStudioVersion = 10.0.40219.1
Project("{FAE04EC0-301F-11D3-BF4B-00C04F79EFBC}") = "boolean_console_app", "boolean_console_app\boolean_console_app.csproj", "{C3692419-5649-4E51-A983-A2803807BFDB}"
EndProject
Global
	GlobalSection(SolutionConfigurationPlatforms) = preSolution
		Debug|Any CPU = Debug|Any CPU
		Release|Any CPU = Release|Any CPU
	EndGlobalSection
	GlobalSection(ProjectConfigurationPlatforms) = postSolution
		{C3692419-5649-4E51-A983-A2803807BFDB}.Debug|Any CPU.ActiveCfg = Debug|Any CPU
		{C3692419-5649-4E51-A983-A2803807BFDB}.Debug|Any CPU.Build.0 = Debug|Any CPU
		{C3692419-5649-4E51-A983-A2803807BFDB}.Release|Any CPU.ActiveCfg = Release|Any CPU
		{C3692419-5649-4E51-A983-A2803807BFDB}.Release|Any CPU.Build.0 = Release|Any CPU
	EndGlobalSection
	GlobalSection(SolutionProperties) = preSolution
		HideSolutionNode = FALSE
	EndGlobalSection
	GlobalSection(ExtensibilityGlobals) = postSolution
		SolutionGuid = {4455FB16-C845-4550-B400-DF8A48642B6C}
	EndGlobalSection
EndGlobal
