
Microsoft Visual Studio Solution File, Format Version 12.00
# Visual Studio Version 16
VisualStudioVersion = 16.0.30907.101
MinimumVisualStudioVersion = 10.0.40219.1
Project("{FAE04EC0-301F-11D3-BF4B-00C04F79EFBC}") = "acmeAccountingHelloWorld", "acmeAccountingHelloWorld\acmeAccountingHelloWorld.csproj", "{E721D1C1-48F6-4247-905D-A35677BA7A60}"
EndProject
Global
	GlobalSection(SolutionConfigurationPlatforms) = preSolution
		Debug|Any CPU = Debug|Any CPU
		Release|Any CPU = Release|Any CPU
	EndGlobalSection
	GlobalSection(ProjectConfigurationPlatforms) = postSolution
		{E721D1C1-48F6-4247-905D-A35677BA7A60}.Debug|Any CPU.ActiveCfg = Debug|Any CPU
		{E721D1C1-48F6-4247-905D-A35677BA7A60}.Debug|Any CPU.Build.0 = Debug|Any CPU
		{E721D1C1-48F6-4247-905D-A35677BA7A60}.Release|Any CPU.ActiveCfg = Release|Any CPU
		{E721D1C1-48F6-4247-905D-A35677BA7A60}.Release|Any CPU.Build.0 = Release|Any CPU
	EndGlobalSection
	GlobalSection(SolutionProperties) = preSolution
		HideSolutionNode = FALSE
	EndGlobalSection
	GlobalSection(ExtensibilityGlobals) = postSolution
		SolutionGuid = {7D372839-1C02-4FE3-B52F-4BFE649D45DF}
	EndGlobalSection
EndGlobal
