
Microsoft Visual Studio Solution File, Format Version 12.00
# Visual Studio Version 16
VisualStudioVersion = 16.0.30907.101
MinimumVisualStudioVersion = 10.0.40219.1
Project("{FAE04EC0-301F-11D3-BF4B-00C04F79EFBC}") = "int_list_app", "int_list_app\int_list_app.csproj", "{529CE587-8EE6-421E-9001-77217457A0FB}"
EndProject
Global
	GlobalSection(SolutionConfigurationPlatforms) = preSolution
		Debug|Any CPU = Debug|Any CPU
		Release|Any CPU = Release|Any CPU
	EndGlobalSection
	GlobalSection(ProjectConfigurationPlatforms) = postSolution
		{529CE587-8EE6-421E-9001-77217457A0FB}.Debug|Any CPU.ActiveCfg = Debug|Any CPU
		{529CE587-8EE6-421E-9001-77217457A0FB}.Debug|Any CPU.Build.0 = Debug|Any CPU
		{529CE587-8EE6-421E-9001-77217457A0FB}.Release|Any CPU.ActiveCfg = Release|Any CPU
		{529CE587-8EE6-421E-9001-77217457A0FB}.Release|Any CPU.Build.0 = Release|Any CPU
	EndGlobalSection
	GlobalSection(SolutionProperties) = preSolution
		HideSolutionNode = FALSE
	EndGlobalSection
	GlobalSection(ExtensibilityGlobals) = postSolution
		SolutionGuid = {21A7D6DE-BE5C-4442-9611-10B6DF552951}
	EndGlobalSection
EndGlobal
