
Microsoft Visual Studio Solution File, Format Version 12.00
# Visual Studio Version 16
VisualStudioVersion = 16.0.30907.101
MinimumVisualStudioVersion = 10.0.40219.1
Project("{FAE04EC0-301F-11D3-BF4B-00C04F79EFBC}") = "basic_class_app5", "basic_class_app5\basic_class_app5.csproj", "{9058CF53-7DA3-4609-801E-0800E6D4CAEA}"
EndProject
Global
	GlobalSection(SolutionConfigurationPlatforms) = preSolution
		Debug|Any CPU = Debug|Any CPU
		Release|Any CPU = Release|Any CPU
	EndGlobalSection
	GlobalSection(ProjectConfigurationPlatforms) = postSolution
		{9058CF53-7DA3-4609-801E-0800E6D4CAEA}.Debug|Any CPU.ActiveCfg = Debug|Any CPU
		{9058CF53-7DA3-4609-801E-0800E6D4CAEA}.Debug|Any CPU.Build.0 = Debug|Any CPU
		{9058CF53-7DA3-4609-801E-0800E6D4CAEA}.Release|Any CPU.ActiveCfg = Release|Any CPU
		{9058CF53-7DA3-4609-801E-0800E6D4CAEA}.Release|Any CPU.Build.0 = Release|Any CPU
	EndGlobalSection
	GlobalSection(SolutionProperties) = preSolution
		HideSolutionNode = FALSE
	EndGlobalSection
	GlobalSection(ExtensibilityGlobals) = postSolution
		SolutionGuid = {5A8FF2AC-7A67-4437-8202-3CF2D93BF046}
	EndGlobalSection
EndGlobal
