
Microsoft Visual Studio Solution File, Format Version 12.00
# Visual Studio Version 16
VisualStudioVersion = 16.0.30907.101
MinimumVisualStudioVersion = 10.0.40219.1
Project("{FAE04EC0-301F-11D3-BF4B-00C04F79EFBC}") = "basic_concat_strbuilder_app", "basic_concat_strbuilder_app\basic_concat_strbuilder_app.csproj", "{EEF0E0EB-2564-458A-9A15-E55286BE6C59}"
EndProject
Global
	GlobalSection(SolutionConfigurationPlatforms) = preSolution
		Debug|Any CPU = Debug|Any CPU
		Release|Any CPU = Release|Any CPU
	EndGlobalSection
	GlobalSection(ProjectConfigurationPlatforms) = postSolution
		{EEF0E0EB-2564-458A-9A15-E55286BE6C59}.Debug|Any CPU.ActiveCfg = Debug|Any CPU
		{EEF0E0EB-2564-458A-9A15-E55286BE6C59}.Debug|Any CPU.Build.0 = Debug|Any CPU
		{EEF0E0EB-2564-458A-9A15-E55286BE6C59}.Release|Any CPU.ActiveCfg = Release|Any CPU
		{EEF0E0EB-2564-458A-9A15-E55286BE6C59}.Release|Any CPU.Build.0 = Release|Any CPU
	EndGlobalSection
	GlobalSection(SolutionProperties) = preSolution
		HideSolutionNode = FALSE
	EndGlobalSection
	GlobalSection(ExtensibilityGlobals) = postSolution
		SolutionGuid = {4654DACF-9D79-4E26-9728-E5A5E695D592}
	EndGlobalSection
EndGlobal
