
Microsoft Visual Studio Solution File, Format Version 12.00
# Visual Studio Version 16
VisualStudioVersion = 16.0.30907.101
MinimumVisualStudioVersion = 10.0.40219.1
Project("{FAE04EC0-301F-11D3-BF4B-00C04F79EFBC}") = "karamazov_list_app", "karamazov_list_app\karamazov_list_app.csproj", "{A12E21FD-6C79-43F5-AC8A-4CEBBE0B86FD}"
EndProject
Global
	GlobalSection(SolutionConfigurationPlatforms) = preSolution
		Debug|Any CPU = Debug|Any CPU
		Release|Any CPU = Release|Any CPU
	EndGlobalSection
	GlobalSection(ProjectConfigurationPlatforms) = postSolution
		{A12E21FD-6C79-43F5-AC8A-4CEBBE0B86FD}.Debug|Any CPU.ActiveCfg = Debug|Any CPU
		{A12E21FD-6C79-43F5-AC8A-4CEBBE0B86FD}.Debug|Any CPU.Build.0 = Debug|Any CPU
		{A12E21FD-6C79-43F5-AC8A-4CEBBE0B86FD}.Release|Any CPU.ActiveCfg = Release|Any CPU
		{A12E21FD-6C79-43F5-AC8A-4CEBBE0B86FD}.Release|Any CPU.Build.0 = Release|Any CPU
	EndGlobalSection
	GlobalSection(SolutionProperties) = preSolution
		HideSolutionNode = FALSE
	EndGlobalSection
	GlobalSection(ExtensibilityGlobals) = postSolution
		SolutionGuid = {9B2E034E-6362-4199-BD2E-A6A678431350}
	EndGlobalSection
EndGlobal
